
Microsoft Visual Studio Solution File, Format Version 12.00
# Visual Studio Version 17
VisualStudioVersion = 17.13.35825.156
MinimumVisualStudioVersion = 10.0.40219.1
Project("{FAE04EC0-301F-11D3-BF4B-00C04F79EFBC}") = "RestaurantQRSystem", "RestaurantQRSystem\RestaurantQRSystem.csproj", "{EA90E288-EBBB-4B69-97A7-786D38D4F01F}"
EndProject
Global
	GlobalSection(SolutionConfigurationPlatforms) = preSolution
		Debug|Any CPU = Debug|Any CPU
		Release|Any CPU = Release|Any CPU
	EndGlobalSection
	GlobalSection(ProjectConfigurationPlatforms) = postSolution
		{EA90E288-EBBB-4B69-97A7-786D38D4F01F}.Debug|Any CPU.ActiveCfg = Debug|Any CPU
		{EA90E288-EBBB-4B69-97A7-786D38D4F01F}.Debug|Any CPU.Build.0 = Debug|Any CPU
		{EA90E288-EBBB-4B69-97A7-786D38D4F01F}.Release|Any CPU.ActiveCfg = Release|Any CPU
		{EA90E288-EBBB-4B69-97A7-786D38D4F01F}.Release|Any CPU.Build.0 = Release|Any CPU
	EndGlobalSection
	GlobalSection(SolutionProperties) = preSolution
		HideSolutionNode = FALSE
	EndGlobalSection
	GlobalSection(ExtensibilityGlobals) = postSolution
		SolutionGuid = {99039027-569F-4532-B206-185DC6D7C0C8}
	EndGlobalSection
EndGlobal
